
Microsoft Visual Studio Solution File, Format Version 12.00
# Visual Studio Version 17
VisualStudioVersion = 17.3.32811.315
MinimumVisualStudioVersion = 10.0.40219.1
Project("{FAE04EC0-301F-11D3-BF4B-00C04F79EFBC}") = "TC2-Bases", "TC2-Bases.csproj", "{8BB1B1F3-F4C9-41F3-A33B-E1AB7B019678}"
EndProject
Global
	GlobalSection(SolutionConfigurationPlatforms) = preSolution
		Debug|Any CPU = Debug|Any CPU
		Release|Any CPU = Release|Any CPU
	EndGlobalSection
	GlobalSection(ProjectConfigurationPlatforms) = postSolution
		{8BB1B1F3-F4C9-41F3-A33B-E1AB7B019678}.Debug|Any CPU.ActiveCfg = Debug|Any CPU
		{8BB1B1F3-F4C9-41F3-A33B-E1AB7B019678}.Debug|Any CPU.Build.0 = Debug|Any CPU
		{8BB1B1F3-F4C9-41F3-A33B-E1AB7B019678}.Release|Any CPU.ActiveCfg = Release|Any CPU
		{8BB1B1F3-F4C9-41F3-A33B-E1AB7B019678}.Release|Any CPU.Build.0 = Release|Any CPU
	EndGlobalSection
	GlobalSection(SolutionProperties) = preSolution
		HideSolutionNode = FALSE
	EndGlobalSection
	GlobalSection(ExtensibilityGlobals) = postSolution
		SolutionGuid = {B2DD4802-A321-4F57-8BF2-66C431620A61}
	EndGlobalSection
EndGlobal
